
Microsoft Visual Studio Solution File, Format Version 12.00
# Visual Studio Version 16
VisualStudioVersion = 16.0.29926.136
MinimumVisualStudioVersion = 10.0.40219.1
Project("{FAE04EC0-301F-11D3-BF4B-00C04F79EFBC}") = "LocationParentEditor", "LocationParentEditor\LocationParentEditor.csproj", "{4507C9D1-7356-4D6E-9452-6138BCF648A8}"
EndProject
Global
	GlobalSection(SolutionConfigurationPlatforms) = preSolution
		Debug|Any CPU = Debug|Any CPU
		Release|Any CPU = Release|Any CPU
	EndGlobalSection
	GlobalSection(ProjectConfigurationPlatforms) = postSolution
		{4507C9D1-7356-4D6E-9452-6138BCF648A8}.Debug|Any CPU.ActiveCfg = Debug|Any CPU
		{4507C9D1-7356-4D6E-9452-6138BCF648A8}.Debug|Any CPU.Build.0 = Debug|Any CPU
		{4507C9D1-7356-4D6E-9452-6138BCF648A8}.Release|Any CPU.ActiveCfg = Release|Any CPU
		{4507C9D1-7356-4D6E-9452-6138BCF648A8}.Release|Any CPU.Build.0 = Release|Any CPU
	EndGlobalSection
	GlobalSection(SolutionProperties) = preSolution
		HideSolutionNode = FALSE
	EndGlobalSection
	GlobalSection(ExtensibilityGlobals) = postSolution
		SolutionGuid = {7336FF41-47BB-4EA2-A397-C5B1E2742A52}
	EndGlobalSection
EndGlobal
